
Microsoft Visual Studio Solution File, Format Version 12.00
# Visual Studio Version 17
VisualStudioVersion = 17.3.32819.101
MinimumVisualStudioVersion = 10.0.40219.1
Project("{9A19103F-16F7-4668-BE54-9A1E7A4F7556}") = "TestFrame", "TestFrame\TestFrame.csproj", "{0B7486A1-2E57-4984-A051-BD6FBE97DBAF}"
EndProject
Project("{9A19103F-16F7-4668-BE54-9A1E7A4F7556}") = "3DatentypenKonvertierung", "3DatentypenKonvertierung\3DatentypenKonvertierung.csproj", "{9466EE62-602A-4959-88BE-D635E6686FB7}"
EndProject
Project("{9A19103F-16F7-4668-BE54-9A1E7A4F7556}") = "4OperatorenKonvertierung", "4OperatorenKonvertierung\4OperatorenKonvertierung.csproj", "{8B1FBCD7-954E-4EBB-A52D-9CCF67ED9BC4}"
EndProject
Project("{FAE04EC0-301F-11D3-BF4B-00C04F79EFBC}") = "5Verzweigungen", "4Verzweigungen\5Verzweigungen.csproj", "{5F4354FC-2424-4AEF-A7B4-B0E228BBA633}"
EndProject
Global
	GlobalSection(SolutionConfigurationPlatforms) = preSolution
		Debug|Any CPU = Debug|Any CPU
		Release|Any CPU = Release|Any CPU
	EndGlobalSection
	GlobalSection(ProjectConfigurationPlatforms) = postSolution
		{0B7486A1-2E57-4984-A051-BD6FBE97DBAF}.Debug|Any CPU.ActiveCfg = Debug|Any CPU
		{0B7486A1-2E57-4984-A051-BD6FBE97DBAF}.Debug|Any CPU.Build.0 = Debug|Any CPU
		{0B7486A1-2E57-4984-A051-BD6FBE97DBAF}.Release|Any CPU.ActiveCfg = Release|Any CPU
		{0B7486A1-2E57-4984-A051-BD6FBE97DBAF}.Release|Any CPU.Build.0 = Release|Any CPU
		{9466EE62-602A-4959-88BE-D635E6686FB7}.Debug|Any CPU.ActiveCfg = Debug|Any CPU
		{9466EE62-602A-4959-88BE-D635E6686FB7}.Debug|Any CPU.Build.0 = Debug|Any CPU
		{9466EE62-602A-4959-88BE-D635E6686FB7}.Release|Any CPU.ActiveCfg = Release|Any CPU
		{9466EE62-602A-4959-88BE-D635E6686FB7}.Release|Any CPU.Build.0 = Release|Any CPU
		{8B1FBCD7-954E-4EBB-A52D-9CCF67ED9BC4}.Debug|Any CPU.ActiveCfg = Debug|Any CPU
		{8B1FBCD7-954E-4EBB-A52D-9CCF67ED9BC4}.Debug|Any CPU.Build.0 = Debug|Any CPU
		{8B1FBCD7-954E-4EBB-A52D-9CCF67ED9BC4}.Release|Any CPU.ActiveCfg = Release|Any CPU
		{8B1FBCD7-954E-4EBB-A52D-9CCF67ED9BC4}.Release|Any CPU.Build.0 = Release|Any CPU
		{5F4354FC-2424-4AEF-A7B4-B0E228BBA633}.Debug|Any CPU.ActiveCfg = Debug|Any CPU
		{5F4354FC-2424-4AEF-A7B4-B0E228BBA633}.Debug|Any CPU.Build.0 = Debug|Any CPU
		{5F4354FC-2424-4AEF-A7B4-B0E228BBA633}.Release|Any CPU.ActiveCfg = Release|Any CPU
		{5F4354FC-2424-4AEF-A7B4-B0E228BBA633}.Release|Any CPU.Build.0 = Release|Any CPU
	EndGlobalSection
	GlobalSection(SolutionProperties) = preSolution
		HideSolutionNode = FALSE
	EndGlobalSection
	GlobalSection(ExtensibilityGlobals) = postSolution
		SolutionGuid = {0DB2479A-C9E0-4EEE-A7A1-CA484873B865}
	EndGlobalSection
EndGlobal
